<?xml version="1.0" encoding="UTF-8" standalone="yes" ?>
<CodeBlocks_project_file>
	<FileVersion major="1" minor="6" />
	<Project>
		<Option title="ShushaoEngine" />
		<Option pch_mode="2" />
		<Option compiler="gcc" />
		<Option virtualFolders="game\;engine\;engine\components\;engine\objects\;engine\physics\;engine\globals\;engine\entities\;engine\base\;engine\render\;engine\render\materials\;engine\render\shaders\;engine\render\shaders\glsl\;" />
		<Build>
			<Target title="Debug">
				<Option output="bin/Debug/ShushaoGame" prefix_auto="1" extension_auto="1" />
				<Option working_dir="bin/Debug/" />
				<Option object_output="obj/Debug/" />
				<Option type="1" />
				<Option compiler="gcc" />
				<Compiler>
					<Add option="-Wall" />
					<Add option="-g" />
					<Add option="-DDEBUG=true" />
					<Add option="-DGLEW_STATIC" />
					<Add directory="engine" />
				</Compiler>
				<ExtraCommands>
					<Add before="cmd /c rescopy Debug" />
				</ExtraCommands>
			</Target>
			<Target title="Release">
				<Option output="bin/Release/ShushaoGame" prefix_auto="1" extension_auto="1" />
				<Option working_dir="bin/Release/" />
				<Option object_output="obj/Release/" />
				<Option type="0" />
				<Option compiler="gcc" />
				<Compiler>
					<Add option="-O2" />
					<Add option="-DDEBUG=false" />
					<Add directory="engine" />
				</Compiler>
				<Linker>
					<Add option="-s" />
				</Linker>
				<ExtraCommands>
					<Add before="cmd /c rescopy Release" />
				</ExtraCommands>
			</Target>
		</Build>
		<Compiler>
			<Add option="-std=c++11" />
			<Add option="-fexceptions -DGLEW_STATIC" />
			<Add directory="../../mingw-dev-libs/glew/include/GL" />
			<Add directory="../../mingw-dev-libs/glm" />
			<Add directory="../../mingw-dev-libs/freetype/include" />
			<Add directory="../../mingw-dev-libs/SDL2/include/SDL2" />
			<Add directory="../../mingw-dev-libs/SDL2_image/include/SDL2" />
			<Add directory="../../mingw-dev-libs/SDL2_ttf/include/SDL2" />
			<Add directory="../../mingw-dev-libs/SDL2_mixer/include/SDL2" />
			<Add directory="../../mingw-dev-libs/Box2D/include" />
		</Compiler>
		<Linker>
			<Add option="-lglew32" />
			<Add option="-lmingw32" />
			<Add option="-lopengl32" />
			<Add option="-lgdi32" />
			<Add option="-lglu32" />
			<Add option="-lfreetype" />
			<Add option="-lSDL2main" />
			<Add option="-lSDL2" />
			<Add option="-lSDL2_image" />
			<Add option="-lSDL2_mixer" />
			<Add option="-lBox2D" />
			<Add directory="../../mingw-dev-libs/glew/lib" />
			<Add directory="../../mingw-dev-libs/freetype/lib" />
			<Add directory="../../mingw-dev-libs/SDL2/lib" />
			<Add directory="../../mingw-dev-libs/SDL2_image/lib" />
			<Add directory="../../mingw-dev-libs/SDL2_ttf/lib" />
			<Add directory="../../mingw-dev-libs/SDL2_mixer/lib" />
			<Add directory="../../mingw-dev-libs/Box2D/lib" />
		</Linker>
		<Unit filename="engine/animation.cpp">
			<Option virtualFolder="engine/components/" />
		</Unit>
		<Unit filename="engine/animation.h">
			<Option virtualFolder="engine/components/" />
		</Unit>
		<Unit filename="engine/audio.cpp">
			<Option virtualFolder="engine/objects/" />
		</Unit>
		<Unit filename="engine/audio.h">
			<Option virtualFolder="engine/objects/" />
		</Unit>
		<Unit filename="engine/base.frag">
			<Option virtualFolder="engine/render/shaders/glsl/" />
		</Unit>
		<Unit filename="engine/base.vert">
			<Option virtualFolder="engine/render/shaders/glsl/" />
		</Unit>
		<Unit filename="engine/baseshader.cpp">
			<Option virtualFolder="engine/render/shaders/" />
		</Unit>
		<Unit filename="engine/baseshader.h">
			<Option virtualFolder="engine/render/shaders/" />
		</Unit>
		<Unit filename="engine/camera.cpp">
			<Option virtualFolder="engine/components/" />
		</Unit>
		<Unit filename="engine/camera.h">
			<Option virtualFolder="engine/components/" />
		</Unit>
		<Unit filename="engine/collider2d.cpp">
			<Option virtualFolder="engine/physics/" />
		</Unit>
		<Unit filename="engine/collider2d.h">
			<Option virtualFolder="engine/physics/" />
		</Unit>
		<Unit filename="engine/collision2d.h">
			<Option virtualFolder="engine/physics/" />
		</Unit>
		<Unit filename="engine/color.cpp">
			<Option virtualFolder="engine/base/" />
		</Unit>
		<Unit filename="engine/color.h">
			<Option virtualFolder="engine/base/" />
		</Unit>
		<Unit filename="engine/component.cpp">
			<Option virtualFolder="engine/objects/" />
		</Unit>
		<Unit filename="engine/component.h">
			<Option virtualFolder="engine/objects/" />
		</Unit>
		<Unit filename="engine/config.cpp">
			<Option virtualFolder="engine/globals/" />
		</Unit>
		<Unit filename="engine/config.h">
			<Option virtualFolder="engine/globals/" />
		</Unit>
		<Unit filename="engine/constants.h">
			<Option virtualFolder="engine/globals/" />
		</Unit>
		<Unit filename="engine/cycle.cpp">
			<Option virtualFolder="engine/base/" />
		</Unit>
		<Unit filename="engine/cycle.h">
			<Option virtualFolder="engine/base/" />
		</Unit>
		<Unit filename="engine/debug.cpp">
			<Option virtualFolder="engine/base/" />
		</Unit>
		<Unit filename="engine/debug.h">
			<Option virtualFolder="engine/base/" />
		</Unit>
		<Unit filename="engine/debuggrid.cpp">
			<Option virtualFolder="engine/entities/" />
		</Unit>
		<Unit filename="engine/debuggrid.h">
			<Option virtualFolder="engine/entities/" />
		</Unit>
		<Unit filename="engine/design.cpp">
			<Option virtualFolder="engine/render/" />
		</Unit>
		<Unit filename="engine/design.h">
			<Option virtualFolder="engine/render/" />
		</Unit>
		<Unit filename="engine/entity.cpp">
			<Option virtualFolder="engine/objects/" />
		</Unit>
		<Unit filename="engine/entity.h">
			<Option virtualFolder="engine/objects/" />
		</Unit>
		<Unit filename="engine/font.cpp">
			<Option virtualFolder="engine/objects/" />
		</Unit>
		<Unit filename="engine/font.frag">
			<Option virtualFolder="engine/render/shaders/glsl/" />
		</Unit>
		<Unit filename="engine/font.h">
			<Option virtualFolder="engine/objects/" />
		</Unit>
		<Unit filename="engine/font.vert">
			<Option virtualFolder="engine/render/shaders/glsl/" />
		</Unit>
		<Unit filename="engine/fontshader.cpp">
			<Option virtualFolder="engine/render/shaders/" />
		</Unit>
		<Unit filename="engine/fontshader.h">
			<Option virtualFolder="engine/render/shaders/" />
		</Unit>
		<Unit filename="engine/gamedata.cpp">
			<Option virtualFolder="engine/base/" />
		</Unit>
		<Unit filename="engine/gamedata.h">
			<Option virtualFolder="engine/base/" />
		</Unit>
		<Unit filename="engine/gllibs.h">
			<Option virtualFolder="engine/globals/" />
		</Unit>
		<Unit filename="engine/glmanager.cpp">
			<Option virtualFolder="engine/base/" />
		</Unit>
		<Unit filename="engine/glmanager.h">
			<Option virtualFolder="engine/base/" />
		</Unit>
		<Unit filename="engine/input.cpp">
			<Option virtualFolder="engine/base/" />
		</Unit>
		<Unit filename="engine/input.h">
			<Option virtualFolder="engine/base/" />
		</Unit>
		<Unit filename="engine/linerenderer.cpp">
			<Option virtualFolder="engine/render/" />
		</Unit>
		<Unit filename="engine/linerenderer.h">
			<Option virtualFolder="engine/render/" />
		</Unit>
		<Unit filename="engine/logger.cpp">
			<Option virtualFolder="engine/base/" />
		</Unit>
		<Unit filename="engine/logger.h">
			<Option virtualFolder="engine/base/" />
		</Unit>
		<Unit filename="engine/maincamera.cpp">
			<Option virtualFolder="engine/entities/" />
		</Unit>
		<Unit filename="engine/maincamera.h">
			<Option virtualFolder="engine/entities/" />
		</Unit>
		<Unit filename="engine/material.cpp">
			<Option virtualFolder="engine/render/" />
		</Unit>
		<Unit filename="engine/material.h">
			<Option virtualFolder="engine/render/" />
		</Unit>
		<Unit filename="engine/object.cpp">
			<Option virtualFolder="engine/base/" />
		</Unit>
		<Unit filename="engine/object.h">
			<Option virtualFolder="engine/base/" />
		</Unit>
		<Unit filename="engine/physics.cpp">
			<Option virtualFolder="engine/physics/" />
		</Unit>
		<Unit filename="engine/physics.h">
			<Option virtualFolder="engine/physics/" />
		</Unit>
		<Unit filename="engine/physicscontactfilter.cpp">
			<Option virtualFolder="engine/physics/" />
		</Unit>
		<Unit filename="engine/physicscontactfilter.h">
			<Option virtualFolder="engine/physics/" />
		</Unit>
		<Unit filename="engine/physicscontactlistener.cpp">
			<Option virtualFolder="engine/physics/" />
		</Unit>
		<Unit filename="engine/physicscontactlistener.h">
			<Option virtualFolder="engine/physics/" />
		</Unit>
		<Unit filename="engine/physicsdebugdraw.cpp">
			<Option virtualFolder="engine/physics/" />
		</Unit>
		<Unit filename="engine/physicsdebugdraw.h">
			<Option virtualFolder="engine/physics/" />
		</Unit>
		<Unit filename="engine/program.cpp">
			<Option virtualFolder="engine/components/" />
		</Unit>
		<Unit filename="engine/program.h">
			<Option virtualFolder="engine/components/" />
		</Unit>
		<Unit filename="engine/rect.cpp">
			<Option virtualFolder="engine/base/" />
		</Unit>
		<Unit filename="engine/rect.h">
			<Option virtualFolder="engine/base/" />
		</Unit>
		<Unit filename="engine/renderer.cpp">
			<Option virtualFolder="engine/render/" />
		</Unit>
		<Unit filename="engine/renderer.h">
			<Option virtualFolder="engine/render/" />
		</Unit>
		<Unit filename="engine/resources.cpp">
			<Option virtualFolder="engine/base/" />
		</Unit>
		<Unit filename="engine/resources.h">
			<Option virtualFolder="engine/base/" />
		</Unit>
		<Unit filename="engine/rigidbody2d.cpp">
			<Option virtualFolder="engine/physics/" />
		</Unit>
		<Unit filename="engine/rigidbody2d.h">
			<Option virtualFolder="engine/physics/" />
		</Unit>
		<Unit filename="engine/scene.cpp">
			<Option virtualFolder="engine/base/" />
		</Unit>
		<Unit filename="engine/scene.h">
			<Option virtualFolder="engine/base/" />
		</Unit>
		<Unit filename="engine/scenemanager.cpp">
			<Option virtualFolder="engine/base/" />
		</Unit>
		<Unit filename="engine/scenemanager.h">
			<Option virtualFolder="engine/base/" />
		</Unit>
		<Unit filename="engine/service.cpp">
			<Option virtualFolder="engine/objects/" />
		</Unit>
		<Unit filename="engine/service.h">
			<Option virtualFolder="engine/objects/" />
		</Unit>
		<Unit filename="engine/setime.cpp">
			<Option virtualFolder="engine/base/" />
		</Unit>
		<Unit filename="engine/setime.h">
			<Option virtualFolder="engine/base/" />
		</Unit>
		<Unit filename="engine/shader.cpp">
			<Option virtualFolder="engine/render/shaders/" />
		</Unit>
		<Unit filename="engine/shader.h">
			<Option virtualFolder="engine/render/shaders/" />
		</Unit>
		<Unit filename="engine/shushaoengine.h">
			<Option virtualFolder="engine/globals/" />
		</Unit>
		<Unit filename="engine/sprite.cpp">
			<Option virtualFolder="engine/objects/" />
		</Unit>
		<Unit filename="engine/sprite.h">
			<Option virtualFolder="engine/objects/" />
		</Unit>
		<Unit filename="engine/spriterenderer.cpp">
			<Option virtualFolder="engine/render/" />
		</Unit>
		<Unit filename="engine/spriterenderer.h">
			<Option virtualFolder="engine/render/" />
		</Unit>
		<Unit filename="engine/spritesdefaultmaterial.cpp">
			<Option virtualFolder="engine/render/materials/" />
		</Unit>
		<Unit filename="engine/spritesdefaultmaterial.h">
			<Option virtualFolder="engine/render/materials/" />
		</Unit>
		<Unit filename="engine/spritesheet.cpp">
			<Option virtualFolder="engine/objects/" />
		</Unit>
		<Unit filename="engine/spritesheet.h">
			<Option virtualFolder="engine/objects/" />
		</Unit>
		<Unit filename="engine/standard.frag">
			<Option virtualFolder="engine/render/shaders/glsl/" />
		</Unit>
		<Unit filename="engine/standard.vert">
			<Option virtualFolder="engine/render/shaders/glsl/" />
		</Unit>
		<Unit filename="engine/standardshader.cpp">
			<Option virtualFolder="engine/render/shaders/" />
		</Unit>
		<Unit filename="engine/standardshader.h">
			<Option virtualFolder="engine/render/shaders/" />
		</Unit>
		<Unit filename="engine/system.cpp">
			<Option virtualFolder="engine/base/" />
		</Unit>
		<Unit filename="engine/system.h">
			<Option virtualFolder="engine/base/" />
		</Unit>
		<Unit filename="engine/textrenderer.cpp">
			<Option virtualFolder="engine/render/" />
		</Unit>
		<Unit filename="engine/textrenderer.h">
			<Option virtualFolder="engine/render/" />
		</Unit>
		<Unit filename="engine/texture.cpp">
			<Option virtualFolder="engine/objects/" />
		</Unit>
		<Unit filename="engine/texture.h">
			<Option virtualFolder="engine/objects/" />
		</Unit>
		<Unit filename="engine/textureatlas.cpp">
			<Option virtualFolder="engine/objects/" />
		</Unit>
		<Unit filename="engine/textureatlas.h">
			<Option virtualFolder="engine/objects/" />
		</Unit>
		<Unit filename="engine/timeline.cpp">
			<Option virtualFolder="engine/objects/" />
		</Unit>
		<Unit filename="engine/timeline.h">
			<Option virtualFolder="engine/objects/" />
		</Unit>
		<Unit filename="engine/transform.cpp">
			<Option virtualFolder="engine/components/" />
		</Unit>
		<Unit filename="engine/transform.h">
			<Option virtualFolder="engine/components/" />
		</Unit>
		<Unit filename="engine/types.h">
			<Option virtualFolder="engine/globals/" />
		</Unit>
		<Unit filename="engine/utility.cpp">
			<Option virtualFolder="engine/base/" />
		</Unit>
		<Unit filename="engine/utility.h">
			<Option virtualFolder="engine/base/" />
		</Unit>
		<Unit filename="engine/vao.cpp">
			<Option virtualFolder="engine/render/" />
		</Unit>
		<Unit filename="engine/vao.h">
			<Option virtualFolder="engine/render/" />
		</Unit>
		<Unit filename="engine/wire.frag">
			<Option virtualFolder="engine/render/shaders/glsl/" />
		</Unit>
		<Unit filename="engine/wire.vert">
			<Option virtualFolder="engine/render/shaders/glsl/" />
		</Unit>
		<Unit filename="engine/wireframeshader.cpp">
			<Option virtualFolder="engine/render/shaders/" />
		</Unit>
		<Unit filename="engine/wireframeshader.h">
			<Option virtualFolder="engine/render/shaders/" />
		</Unit>
		<Unit filename="game.cpp">
			<Option virtualFolder="game/" />
		</Unit>
		<Unit filename="game.h">
			<Option virtualFolder="game/" />
		</Unit>
		<Unit filename="globals.h">
			<Option virtualFolder="game/" />
		</Unit>
		<Unit filename="level.cpp">
			<Option virtualFolder="game/" />
		</Unit>
		<Unit filename="level.h">
			<Option virtualFolder="game/" />
		</Unit>
		<Unit filename="main.cpp">
			<Option virtualFolder="game/" />
		</Unit>
		<Unit filename="mover.cpp">
			<Option virtualFolder="game/" />
		</Unit>
		<Unit filename="mover.h">
			<Option virtualFolder="game/" />
		</Unit>
		<Unit filename="pancrazio.cpp">
			<Option virtualFolder="game/" />
		</Unit>
		<Unit filename="pancrazio.h">
			<Option virtualFolder="game/" />
		</Unit>
		<Unit filename="rescopy.bat" />
		<Extensions>
			<code_completion />
			<envvars />
			<debugger />
		</Extensions>
	</Project>
</CodeBlocks_project_file>
