<?xml version="1.0" encoding="UTF-8" standalone="yes" ?>
<CodeBlocks_project_file>
	<FileVersion major="1" minor="6" />
	<Project>
		<Option title="ShushaoGame" />
		<Option pch_mode="2" />
		<Option compiler="gcc" />
		<Build>
			<Target title="Debug">
				<Option output="bin/Debug/ShushaoGame" prefix_auto="1" extension_auto="1" />
				<Option object_output="obj/Debug/" />
				<Option type="1" />
				<Option compiler="gcc" />
				<Compiler>
					<Add option="-Wall" />
					<Add option="-std=c++11" />
					<Add option="-g" />
				</Compiler>
				<Linker>
					<Add library="ShushaoEngine" />
					<Add library="glew32" />
					<Add library="mingw32" />
					<Add library="opengl32" />
					<Add library="glu32" />
					<Add library="gdi32" />
					<Add library="SDL2main" />
					<Add library="SDL2" />
					<Add library="SDL2_image" />
					<Add library="SDL2_mixer" />
				</Linker>
			</Target>
			<Target title="Release">
				<Option output="bin/Release/ShushaoGame" prefix_auto="1" extension_auto="1" />
				<Option object_output="obj/Release/" />
				<Option type="0" />
				<Option compiler="gcc" />
				<Compiler>
					<Add option="-O2" />
					<Add option="-std=c++11" />
				</Compiler>
				<Linker>
					<Add option="-s" />
				</Linker>
			</Target>
		</Build>
		<Compiler>
			<Add option="-Wall" />
			<Add option="-std=c++11" />
			<Add option="-g" />
			<Add option="-fexceptions" />
			<Add directory="../ShushaoEngine" />
			<Add directory="D:/lib/mingw-dev-libs/glew/include" />
			<Add directory="D:/lib/mingw-dev-libs/glm" />
			<Add directory="D:/lib/mingw-dev-libs/SDL2/include/SDL2" />
			<Add directory="D:/lib/mingw-dev-libs/SDL2_image/include/SDL2" />
			<Add directory="D:/lib/mingw-dev-libs/SDL2_mixer/include/SDL2" />
			<Add directory="D:/lib/mingw-dev-libs/Box2D" />
		</Compiler>
		<Linker>
			<Add library="ShushaoEngine" />
			<Add library="glew32" />
			<Add library="mingw32" />
			<Add library="opengl32" />
			<Add library="glu32" />
			<Add library="gdi32" />
			<Add library="SDL2main" />
			<Add library="SDL2" />
			<Add library="SDL2_image" />
			<Add library="SDL2_mixer" />
			<Add library="Box2D" />
			<Add directory="../ShushaoEngine/lib" />
			<Add directory="D:/lib/mingw-dev-libs/glew/lib" />
			<Add directory="D:/lib/mingw-dev-libs/SDL2/lib" />
			<Add directory="D:/lib/mingw-dev-libs/SDL2_image/lib" />
			<Add directory="D:/lib/mingw-dev-libs/SDL2_mixer/lib" />
			<Add directory="D:/lib/mingw-dev-libs/Box2D/Build/Box2D" />
		</Linker>
		<Unit filename="assets/pancrazio.png" />
		<Unit filename="assets/tattolino.jpg" />
		<Unit filename="game.cpp" />
		<Unit filename="game.h" />
		<Unit filename="globals.h" />
		<Unit filename="level.cpp" />
		<Unit filename="level.h" />
		<Unit filename="main.cpp" />
		<Unit filename="mover.cpp" />
		<Unit filename="mover.h" />
		<Unit filename="pancrazio.cpp" />
		<Unit filename="pancrazio.h" />
		<Extensions>
			<code_completion />
			<envvars />
			<debugger />
		</Extensions>
	</Project>
</CodeBlocks_project_file>
