<?xml version="1.0" encoding="UTF-8" standalone="yes" ?>
<CodeBlocks_project_file>
	<FileVersion major="1" minor="6" />
	<Project>
		<Option title="ShushaoEngine" />
		<Option pch_mode="2" />
		<Option compiler="gcc" />
		<Option virtualFolders="components\;objects\;shaders\;globals\;singletons\;entities\;" />
		<Build>
			<Target title="Release">
				<Option output="lib/ShushaoEngine" prefix_auto="1" extension_auto="1" />
				<Option working_dir="" />
				<Option object_output="obj/" />
				<Option type="2" />
				<Option compiler="gcc" />
				<Option createDefFile="1" />
				<Compiler>
					<Add option="-O2" />
					<Add option="-Wall" />
					<Add option="-std=c++11" />
				</Compiler>
				<Linker>
					<Add option="-s" />
				</Linker>
			</Target>
			<Target title="Debug">
				<Option output="lib/ShushaoEngine" prefix_auto="1" extension_auto="1" />
				<Option working_dir="" />
				<Option object_output="obj/" />
				<Option type="2" />
				<Option compiler="gcc" />
				<Option createDefFile="1" />
				<Compiler>
					<Add option="-Wall" />
					<Add option="-std=c++11" />
					<Add option="-g" />
				</Compiler>
			</Target>
		</Build>
		<Compiler>
			<Add option="-std=c++11" />
			<Add directory="D:/lib/mingw-dev-libs/SDL2/include/SDL2" />
			<Add directory="D:/lib/mingw-dev-libs/SDL2_image/include/SDL2" />
			<Add directory="D:/lib/mingw-dev-libs/glm" />
			<Add directory="D:/lib/mingw-dev-libs/glew/include" />
			<Add directory="D:/lib/mingw-dev-libs/SDL2_mixer/include/SDL2" />
		</Compiler>
		<Linker>
			<Add directory="D:/lib/mingw-dev-libs/SDL2/lib" />
			<Add directory="D:/lib/mingw-dev-libs/SDL2_image/lib" />
			<Add directory="D:/lib/mingw-dev-libs/SDL2_mixer/lib" />
			<Add directory="D:/lib/mingw-dev-libs/glew/lib" />
		</Linker>
		<Unit filename="animation.cpp">
			<Option virtualFolder="components/" />
		</Unit>
		<Unit filename="animation.h">
			<Option virtualFolder="components/" />
		</Unit>
		<Unit filename="camera.cpp">
			<Option virtualFolder="components/" />
		</Unit>
		<Unit filename="camera.h">
			<Option virtualFolder="components/" />
		</Unit>
		<Unit filename="color.cpp">
			<Option virtualFolder="objects/" />
		</Unit>
		<Unit filename="color.h">
			<Option virtualFolder="objects/" />
		</Unit>
		<Unit filename="component.cpp">
			<Option virtualFolder="objects/" />
		</Unit>
		<Unit filename="component.h">
			<Option virtualFolder="objects/" />
		</Unit>
		<Unit filename="config.cpp">
			<Option virtualFolder="globals/" />
		</Unit>
		<Unit filename="config.h">
			<Option virtualFolder="globals/" />
		</Unit>
		<Unit filename="cycle.cpp">
			<Option virtualFolder="objects/" />
		</Unit>
		<Unit filename="cycle.h">
			<Option virtualFolder="objects/" />
		</Unit>
		<Unit filename="debug.cpp">
			<Option virtualFolder="globals/" />
		</Unit>
		<Unit filename="debug.h">
			<Option virtualFolder="globals/" />
		</Unit>
		<Unit filename="debuggrid.cpp">
			<Option virtualFolder="entities/" />
		</Unit>
		<Unit filename="debuggrid.h">
			<Option virtualFolder="entities/" />
		</Unit>
		<Unit filename="entity.cpp">
			<Option virtualFolder="objects/" />
		</Unit>
		<Unit filename="entity.h">
			<Option virtualFolder="objects/" />
		</Unit>
		<Unit filename="gamedata.cpp">
			<Option virtualFolder="singletons/" />
		</Unit>
		<Unit filename="gamedata.h">
			<Option virtualFolder="singletons/" />
		</Unit>
		<Unit filename="gllibs.h">
			<Option virtualFolder="globals/" />
		</Unit>
		<Unit filename="glmanager.cpp">
			<Option virtualFolder="singletons/" />
		</Unit>
		<Unit filename="glmanager.h">
			<Option virtualFolder="singletons/" />
		</Unit>
		<Unit filename="input.cpp">
			<Option virtualFolder="singletons/" />
		</Unit>
		<Unit filename="input.h">
			<Option virtualFolder="singletons/" />
		</Unit>
		<Unit filename="linerenderer.cpp">
			<Option virtualFolder="components/" />
		</Unit>
		<Unit filename="linerenderer.h">
			<Option virtualFolder="components/" />
		</Unit>
		<Unit filename="logger.cpp">
			<Option virtualFolder="globals/" />
		</Unit>
		<Unit filename="logger.h">
			<Option virtualFolder="globals/" />
		</Unit>
		<Unit filename="macros.h">
			<Option virtualFolder="globals/" />
		</Unit>
		<Unit filename="maincamera.cpp">
			<Option virtualFolder="entities/" />
		</Unit>
		<Unit filename="maincamera.h">
			<Option virtualFolder="entities/" />
		</Unit>
		<Unit filename="material.cpp">
			<Option virtualFolder="objects/" />
		</Unit>
		<Unit filename="material.h">
			<Option virtualFolder="objects/" />
		</Unit>
		<Unit filename="object.cpp">
			<Option virtualFolder="objects/" />
		</Unit>
		<Unit filename="object.h">
			<Option virtualFolder="objects/" />
		</Unit>
		<Unit filename="program.cpp">
			<Option virtualFolder="objects/" />
		</Unit>
		<Unit filename="program.h">
			<Option virtualFolder="objects/" />
		</Unit>
		<Unit filename="rect.cpp">
			<Option virtualFolder="objects/" />
		</Unit>
		<Unit filename="rect.h">
			<Option virtualFolder="objects/" />
		</Unit>
		<Unit filename="renderer.cpp">
			<Option virtualFolder="components/" />
		</Unit>
		<Unit filename="renderer.h">
			<Option virtualFolder="components/" />
		</Unit>
		<Unit filename="resources.cpp">
			<Option virtualFolder="singletons/" />
		</Unit>
		<Unit filename="resources.h">
			<Option virtualFolder="singletons/" />
		</Unit>
		<Unit filename="scene.cpp">
			<Option virtualFolder="objects/" />
		</Unit>
		<Unit filename="scene.h">
			<Option virtualFolder="objects/" />
		</Unit>
		<Unit filename="scenemanager.cpp">
			<Option virtualFolder="singletons/" />
		</Unit>
		<Unit filename="scenemanager.h">
			<Option virtualFolder="singletons/" />
		</Unit>
		<Unit filename="service.cpp">
			<Option virtualFolder="objects/" />
		</Unit>
		<Unit filename="service.h">
			<Option virtualFolder="objects/" />
		</Unit>
		<Unit filename="setime.cpp">
			<Option virtualFolder="singletons/" />
		</Unit>
		<Unit filename="setime.h">
			<Option virtualFolder="singletons/" />
		</Unit>
		<Unit filename="shader.cpp">
			<Option virtualFolder="objects/" />
		</Unit>
		<Unit filename="shader.h">
			<Option virtualFolder="objects/" />
		</Unit>
		<Unit filename="shushaoengine.h">
			<Option virtualFolder="globals/" />
		</Unit>
		<Unit filename="sprite.cpp">
			<Option virtualFolder="objects/" />
		</Unit>
		<Unit filename="sprite.h">
			<Option virtualFolder="objects/" />
		</Unit>
		<Unit filename="spriterenderer.cpp">
			<Option virtualFolder="components/" />
		</Unit>
		<Unit filename="spriterenderer.h">
			<Option virtualFolder="components/" />
		</Unit>
		<Unit filename="spritesheet.cpp">
			<Option virtualFolder="objects/" />
		</Unit>
		<Unit filename="spritesheet.h">
			<Option virtualFolder="objects/" />
		</Unit>
		<Unit filename="standard.frag">
			<Option virtualFolder="shaders/" />
		</Unit>
		<Unit filename="standard.vert">
			<Option virtualFolder="shaders/" />
		</Unit>
		<Unit filename="system.cpp">
			<Option virtualFolder="singletons/" />
		</Unit>
		<Unit filename="system.h">
			<Option virtualFolder="singletons/" />
		</Unit>
		<Unit filename="texture.cpp">
			<Option virtualFolder="objects/" />
		</Unit>
		<Unit filename="texture.h">
			<Option virtualFolder="objects/" />
		</Unit>
		<Unit filename="textureatlas.cpp">
			<Option virtualFolder="objects/" />
		</Unit>
		<Unit filename="textureatlas.h">
			<Option virtualFolder="objects/" />
		</Unit>
		<Unit filename="timeline.cpp">
			<Option virtualFolder="objects/" />
		</Unit>
		<Unit filename="timeline.h">
			<Option virtualFolder="objects/" />
		</Unit>
		<Unit filename="transform.cpp">
			<Option virtualFolder="components/" />
		</Unit>
		<Unit filename="transform.h">
			<Option virtualFolder="components/" />
		</Unit>
		<Unit filename="utility.cpp">
			<Option virtualFolder="globals/" />
		</Unit>
		<Unit filename="utility.h">
			<Option virtualFolder="globals/" />
		</Unit>
		<Extensions>
			<code_completion />
			<envvars />
			<debugger />
			<lib_finder disable_auto="1" />
		</Extensions>
	</Project>
</CodeBlocks_project_file>
